// !$*UTF8*$!
{
	archiveVersion = 1;
	classes = {
	};
	objectVersion = 46;
	objects = {

/* Begin PBXBuildFile section */
		5D28AD151A8FA9F000FB1CDC /* AppDelegate.swift in Sources */ = {isa = PBXBuildFile; fileRef = 5D28AD141A8FA9F000FB1CDC /* AppDelegate.swift */; };
		5D28AD171A8FA9F000FB1CDC /* ViewController.swift in Sources */ = {isa = PBXBuildFile; fileRef = 5D28AD161A8FA9F000FB1CDC /* ViewController.swift */; };
		5D28AD1A1A8FA9F000FB1CDC /* Main.storyboard in Resources */ = {isa = PBXBuildFile; fileRef = 5D28AD181A8FA9F000FB1CDC /* Main.storyboard */; };
		5D28AD1C1A8FA9F000FB1CDC /* Images.xcassets in Resources */ = {isa = PBXBuildFile; fileRef = 5D28AD1B1A8FA9F000FB1CDC /* Images.xcassets */; };
		5D28AD1F1A8FA9F000FB1CDC /* LaunchScreen.xib in Resources */ = {isa = PBXBuildFile; fileRef = 5D28AD1D1A8FA9F000FB1CDC /* LaunchScreen.xib */; };
		5D28AD2B1A8FA9F000FB1CDC /* postcardTests.swift in Sources */ = {isa = PBXBuildFile; fileRef = 5D28AD2A1A8FA9F000FB1CDC /* postcardTests.swift */; };
/* End PBXBuildFile section */

/* Begin PBXContainerItemProxy section */
		5D28AD251A8FA9F000FB1CDC /* PBXContainerItemProxy */ = {
			isa = PBXContainerItemProxy;
			containerPortal = 5D28AD071A8FA9F000FB1CDC /* Project object */;
			proxyType = 1;
			remoteGlobalIDString = 5D28AD0E1A8FA9F000FB1CDC;
			remoteInfo = postcard;
		};
/* End PBXContainerItemProxy section */

/* Begin PBXFileReference section */
		5D28AD0F1A8FA9F000FB1CDC /* postcard.app */ = {isa = PBXFileReference; explicitFileType = wrapper.application; includeInIndex = 0; path = postcard.app; sourceTree = BUILT_PRODUCTS_DIR; };
		5D28AD131A8FA9F000FB1CDC /* Info.plist */ = {isa = PBXFileReference; lastKnownFileType = text.plist.xml; path = Info.plist; sourceTree = "<group>"; };
		5D28AD141A8FA9F000FB1CDC /* AppDelegate.swift */ = {isa = PBXFileReference; lastKnownFileType = sourcecode.swift; path = AppDelegate.swift; sourceTree = "<group>"; };
		5D28AD161A8FA9F000FB1CDC /* ViewController.swift */ = {isa = PBXFileReference; lastKnownFileType = sourcecode.swift; path = ViewController.swift; sourceTree = "<group>"; };
		5D28AD191A8FA9F000FB1CDC /* Base */ = {isa = PBXFileReference; lastKnownFileType = file.storyboard; name = Base; path = Base.lproj/Main.storyboard; sourceTree = "<group>"; };
		5D28AD1B1A8FA9F000FB1CDC /* Images.xcassets */ = {isa = PBXFileReference; lastKnownFileType = folder.assetcatalog; path = Images.xcassets; sourceTree = "<group>"; };
		5D28AD1E1A8FA9F000FB1CDC /* Base */ = {isa = PBXFileReference; lastKnownFileType = file.xib; name = Base; path = Base.lproj/LaunchScreen.xib; sourceTree = "<group>"; };
		5D28AD241A8FA9F000FB1CDC /* postcardTests.xctest */ = {isa = PBXFileReference; explicitFileType = wrapper.cfbundle; includeInIndex = 0; path = postcardTests.xctest; sourceTree = BUILT_PRODUCTS_DIR; };
		5D28AD291A8FA9F000FB1CDC /* Info.plist */ = {isa = PBXFileReference; lastKnownFileType = text.plist.xml; path = Info.plist; sourceTree = "<group>"; };
		5D28AD2A1A8FA9F000FB1CDC /* postcardTests.swift */ = {isa = PBXFileReference; lastKnownFileType = sourcecode.swift; path = postcardTests.swift; sourceTree = "<group>"; };
/* End PBXFileReference section */

/* Begin PBXFrameworksBuildPhase section */
		5D28AD0C1A8FA9F000FB1CDC /* Frameworks */ = {
			isa = PBXFrameworksBuildPhase;
			buildActionMask = 2147483647;
			files = (
			);
			runOnlyForDeploymentPostprocessing = 0;
		};
		5D28AD211A8FA9F000FB1CDC /* Frameworks */ = {
			isa = PBXFrameworksBuildPhase;
			buildActionMask = 2147483647;
			files = (
			);
			runOnlyForDeploymentPostprocessing = 0;
		};
/* End PBXFrameworksBuildPhase section */

/* Begin PBXGroup section */
		5D28AD061A8FA9F000FB1CDC = {
			isa = PBXGroup;
			children = (
				5D28AD111A8FA9F000FB1CDC /* postcard */,
				5D28AD271A8FA9F000FB1CDC /* postcardTests */,
				5D28AD101A8FA9F000FB1CDC /* Products */,
			);
			sourceTree = "<group>";
		};
		5D28AD101A8FA9F000FB1CDC /* Products */ = {
			isa = PBXGroup;
			children = (
				5D28AD0F1A8FA9F000FB1CDC /* postcard.app */,
				5D28AD241A8FA9F000FB1CDC /* postcardTests.xctest */,
			);
			name = Products;
			sourceTree = "<group>";
		};
		5D28AD111A8FA9F000FB1CDC /* postcard */ = {
			isa = PBXGroup;
			children = (
				5D28AD141A8FA9F000FB1CDC /* AppDelegate.swift */,
				5D28AD161A8FA9F000FB1CDC /* ViewController.swift */,
				5D28AD181A8FA9F000FB1CDC /* Main.storyboard */,
				5D28AD1B1A8FA9F000FB1CDC /* Images.xcassets */,
				5D28AD1D1A8FA9F000FB1CDC /* LaunchScreen.xib */,
				5D28AD121A8FA9F000FB1CDC /* Supporting Files */,
			);
			path = postcard;
			sourceTree = "<group>";
		};
		5D28AD121A8FA9F000FB1CDC /* Supporting Files */ = {
			isa = PBXGroup;
			children = (
				5D28AD131A8FA9F000FB1CDC /* Info.plist */,
			);
			name = "Supporting Files";
			sourceTree = "<group>";
		};
		5D28AD271A8FA9F000FB1CDC /* postcardTests */ = {
			isa = PBXGroup;
			children = (
				5D28AD2A1A8FA9F000FB1CDC /* postcardTests.swift */,
				5D28AD281A8FA9F000FB1CDC /* Supporting Files */,
			);
			path = postcardTests;
			sourceTree = "<group>";
		};
		5D28AD281A8FA9F000FB1CDC /* Supporting Files */ = {
			isa = PBXGroup;
			children = (
				5D28AD291A8FA9F000FB1CDC /* Info.plist */,
			);
			name = "Supporting Files";
			sourceTree = "<group>";
		};
/* End PBXGroup section */

/* Begin PBXNativeTarget section */
		5D28AD0E1A8FA9F000FB1CDC /* postcard */ = {
			isa = PBXNativeTarget;
			buildConfigurationList = 5D28AD2E1A8FA9F000FB1CDC /* Build configuration list for PBXNativeTarget "postcard" */;
			buildPhases = (
				5D28AD0B1A8FA9F000FB1CDC /* Sources */,
				5D28AD0C1A8FA9F000FB1CDC /* Frameworks */,
				5D28AD0D1A8FA9F000FB1CDC /* Resources */,
			);
			buildRules = (
			);
			dependencies = (
			);
			name = postcard;
			productName = postcard;
			productReference = 5D28AD0F1A8FA9F000FB1CDC /* postcard.app */;
			productType = "com.apple.product-type.application";
		};
		5D28AD231A8FA9F000FB1CDC /* postcardTests */ = {
			isa = PBXNativeTarget;
			buildConfigurationList = 5D28AD311A8FA9F000FB1CDC /* Build configuration list for PBXNativeTarget "postcardTests" */;
			buildPhases = (
				5D28AD201A8FA9F000FB1CDC /* Sources */,
				5D28AD211A8FA9F000FB1CDC /* Frameworks */,
				5D28AD221A8FA9F000FB1CDC /* Resources */,
			);
			buildRules = (
			);
			dependencies = (
				5D28AD261A8FA9F000FB1CDC /* PBXTargetDependency */,
			);
			name = postcardTests;
			productName = postcardTests;
			productReference = 5D28AD241A8FA9F000FB1CDC /* postcardTests.xctest */;
			productType = "com.apple.product-type.bundle.unit-test";
		};
/* End PBXNativeTarget section */

/* Begin PBXProject section */
		5D28AD071A8FA9F000FB1CDC /* Project object */ = {
			isa = PBXProject;
			attributes = {
				LastUpgradeCheck = 0610;
				ORGANIZATIONNAME = "JEREMIAH LAROCHE";
				TargetAttributes = {
					5D28AD0E1A8FA9F000FB1CDC = {
						CreatedOnToolsVersion = 6.1.1;
					};
					5D28AD231A8FA9F000FB1CDC = {
						CreatedOnToolsVersion = 6.1.1;
						TestTargetID = 5D28AD0E1A8FA9F000FB1CDC;
					};
				};
			};
			buildConfigurationList = 5D28AD0A1A8FA9F000FB1CDC /* Build configuration list for PBXProject "postcard" */;
			compatibilityVersion = "Xcode 3.2";
			developmentRegion = English;
			hasScannedForEncodings = 0;
			knownRegions = (
				en,
				Base,
			);
			mainGroup = 5D28AD061A8FA9F000FB1CDC;
			productRefGroup = 5D28AD101A8FA9F000FB1CDC /* Products */;
			projectDirPath = "";
			projectRoot = "";
			targets = (
				5D28AD0E1A8FA9F000FB1CDC /* postcard */,
				5D28AD231A8FA9F000FB1CDC /* postcardTests */,
			);
		};
/* End PBXProject section */

/* Begin PBXResourcesBuildPhase section */
		5D28AD0D1A8FA9F000FB1CDC /* Resources */ = {
			isa = PBXResourcesBuildPhase;
			buildActionMask = 2147483647;
			files = (
				5D28AD1A1A8FA9F000FB1CDC /* Main.storyboard in Resources */,
				5D28AD1F1A8FA9F000FB1CDC /* LaunchScreen.xib in Resources */,
				5D28AD1C1A8FA9F000FB1CDC /* Images.xcassets in Resources */,
			);
			runOnlyForDeploymentPostprocessing = 0;
		};
		5D28AD221A8FA9F000FB1CDC /* Resources */ = {
			isa = PBXResourcesBuildPhase;
			buildActionMask = 2147483647;
			files = (
			);
			runOnlyForDeploymentPostprocessing = 0;
		};
/* End PBXResourcesBuildPhase section */

/* Begin PBXSourcesBuildPhase section */
		5D28AD0B1A8FA9F000FB1CDC /* Sources */ = {
			isa = PBXSourcesBuildPhase;
			buildActionMask = 2147483647;
			files = (
				5D28AD171A8FA9F000FB1CDC /* ViewController.swift in Sources */,
				5D28AD151A8FA9F000FB1CDC /* AppDelegate.swift in Sources */,
			);
			runOnlyForDeploymentPostprocessing = 0;
		};
		5D28AD201A8FA9F000FB1CDC /* Sources */ = {
			isa = PBXSourcesBuildPhase;
			buildActionMask = 2147483647;
			files = (
				5D28AD2B1A8FA9F000FB1CDC /* postcardTests.swift in Sources */,
			);
			runOnlyForDeploymentPostprocessing = 0;
		};
/* End PBXSourcesBuildPhase section */

/* Begin PBXTargetDependency section */
		5D28AD261A8FA9F000FB1CDC /* PBXTargetDependency */ = {
			isa = PBXTargetDependency;
			target = 5D28AD0E1A8FA9F000FB1CDC /* postcard */;
			targetProxy = 5D28AD251A8FA9F000FB1CDC /* PBXContainerItemProxy */;
		};
/* End PBXTargetDependency section */

/* Begin PBXVariantGroup section */
		5D28AD181A8FA9F000FB1CDC /* Main.storyboard */ = {
			isa = PBXVariantGroup;
			children = (
				5D28AD191A8FA9F000FB1CDC /* Base */,
			);
			name = Main.storyboard;
			sourceTree = "<group>";
		};
		5D28AD1D1A8FA9F000FB1CDC /* LaunchScreen.xib */ = {
			isa = PBXVariantGroup;
			children = (
				5D28AD1E1A8FA9F000FB1CDC /* Base */,
			);
			name = LaunchScreen.xib;
			sourceTree = "<group>";
		};
/* End PBXVariantGroup section */

/* Begin XCBuildConfiguration section */
		5D28AD2C1A8FA9F000FB1CDC /* Debug */ = {
			isa = XCBuildConfiguration;
			buildSettings = {
				ALWAYS_SEARCH_USER_PATHS = NO;
				CLANG_CXX_LANGUAGE_STANDARD = "gnu++0x";
				CLANG_CXX_LIBRARY = "libc++";
				CLANG_ENABLE_MODULES = YES;
				CLANG_ENABLE_OBJC_ARC = YES;
				CLANG_WARN_BOOL_CONVERSION = YES;
				CLANG_WARN_CONSTANT_CONVERSION = YES;
				CLANG_WARN_DIRECT_OBJC_ISA_USAGE = YES_ERROR;
				CLANG_WARN_EMPTY_BODY = YES;
				CLANG_WARN_ENUM_CONVERSION = YES;
				CLANG_WARN_INT_CONVERSION = YES;
				CLANG_WARN_OBJC_ROOT_CLASS = YES_ERROR;
				CLANG_WARN_UNREACHABLE_CODE = YES;
				CLANG_WARN__DUPLICATE_METHOD_MATCH = YES;
				"CODE_SIGN_IDENTITY[sdk=iphoneos*]" = "iPhone Developer";
				COPY_PHASE_STRIP = NO;
				ENABLE_STRICT_OBJC_MSGSEND = YES;
				GCC_C_LANGUAGE_STANDARD = gnu99;
				GCC_DYNAMIC_NO_PIC = NO;
				GCC_OPTIMIZATION_LEVEL = 0;
				GCC_PREPROCESSOR_DEFINITIONS = (
					"DEBUG=1",
					"$(inherited)",
				);
				GCC_SYMBOLS_PRIVATE_EXTERN = NO;
				GCC_WARN_64_TO_32_BIT_CONVERSION = YES;
				GCC_WARN_ABOUT_RETURN_TYPE = YES_ERROR;
				GCC_WARN_UNDECLARED_SELECTOR = YES;
				GCC_WARN_UNINITIALIZED_AUTOS = YES_AGGRESSIVE;
				GCC_WARN_UNUSED_FUNCTION = YES;
				GCC_WARN_UNUSED_VARIABLE = YES;
				IPHONEOS_DEPLOYMENT_TARGET = 8.1;
				MTL_ENABLE_DEBUG_INFO = YES;
				ONLY_ACTIVE_ARCH = YES;
				SDKROOT = iphoneos;
				SWIFT_OPTIMIZATION_LEVEL = "-Onone";
				TARGETED_DEVICE_FAMILY = "1,2";
			};
			name = Debug;
		};
		5D28AD2D1A8FA9F000FB1CDC /* Release */ = {
			isa = XCBuildConfiguration;
			buildSettings = {
				ALWAYS_SEARCH_USER_PATHS = NO;
				CLANG_CXX_LANGUAGE_STANDARD = "gnu++0x";
				CLANG_CXX_LIBRARY = "libc++";
				CLANG_ENABLE_MODULES = YES;
				CLANG_ENABLE_OBJC_ARC = YES;
				CLANG_WARN_BOOL_CONVERSION = YES;
				CLANG_WARN_CONSTANT_CONVERSION = YES;
				CLANG_WARN_DIRECT_OBJC_ISA_USAGE = YES_ERROR;
				CLANG_WARN_EMPTY_BODY = YES;
				CLANG_WARN_ENUM_CONVERSION = YES;
				CLANG_WARN_INT_CONVERSION = YES;
				CLANG_WARN_OBJC_ROOT_CLASS = YES_ERROR;
				CLANG_WARN_UNREACHABLE_CODE = YES;
				CLANG_WARN__DUPLICATE_METHOD_MATCH = YES;
				"CODE_SIGN_IDENTITY[sdk=iphoneos*]" = "iPhone Developer";
				COPY_PHASE_STRIP = YES;
				ENABLE_NS_ASSERTIONS = NO;
				ENABLE_STRICT_OBJC_MSGSEND = YES;
				GCC_C_LANGUAGE_STANDARD = gnu99;
				GCC_WARN_64_TO_32_BIT_CONVERSION = YES;
				GCC_WARN_ABOUT_RETURN_TYPE = YES_ERROR;
				GCC_WARN_UNDECLARED_SELECTOR = YES;
				GCC_WARN_UNINITIALIZED_AUTOS = YES_AGGRESSIVE;
				GCC_WARN_UNUSED_FUNCTION = YES;
				GCC_WARN_UNUSED_VARIABLE = YES;
				IPHONEOS_DEPLOYMENT_TARGET = 8.1;
				MTL_ENABLE_DEBUG_INFO = NO;
				SDKROOT = iphoneos;
				TARGETED_DEVICE_FAMILY = "1,2";
				VALIDATE_PRODUCT = YES;
			};
			name = Release;
		};
		5D28AD2F1A8FA9F000FB1CDC /* Debug */ = {
			isa = XCBuildConfiguration;
			buildSettings = {
				ASSETCATALOG_COMPILER_APPICON_NAME = AppIcon;
				INFOPLIST_FILE = postcard/Info.plist;
				LD_RUNPATH_SEARCH_PATHS = "$(inherited) @executable_path/Frameworks";
				PRODUCT_NAME = "$(TARGET_NAME)";
			};
			name = Debug;
		};
		5D28AD301A8FA9F000FB1CDC /* Release */ = {
			isa = XCBuildConfiguration;
			buildSettings = {
				ASSETCATALOG_COMPILER_APPICON_NAME = AppIcon;
				INFOPLIST_FILE = postcard/Info.plist;
				LD_RUNPATH_SEARCH_PATHS = "$(inherited) @executable_path/Frameworks";
				PRODUCT_NAME = "$(TARGET_NAME)";
			};
			name = Release;
		};
		5D28AD321A8FA9F000FB1CDC /* Debug */ = {
			isa = XCBuildConfiguration;
			buildSettings = {
				BUNDLE_LOADER = "$(TEST_HOST)";
				FRAMEWORK_SEARCH_PATHS = (
					"$(SDKROOT)/Developer/Library/Frameworks",
					"$(inherited)",
				);
				GCC_PREPROCESSOR_DEFINITIONS = (
					"DEBUG=1",
					"$(inherited)",
				);
				INFOPLIST_FILE = postcardTests/Info.plist;
				LD_RUNPATH_SEARCH_PATHS = "$(inherited) @executable_path/Frameworks @loader_path/Frameworks";
				PRODUCT_NAME = "$(TARGET_NAME)";
				TEST_HOST = "$(BUILT_PRODUCTS_DIR)/postcard.app/postcard";
			};
			name = Debug;
		};
		5D28AD331A8FA9F000FB1CDC /* Release */ = {
			isa = XCBuildConfiguration;
			buildSettings = {
				BUNDLE_LOADER = "$(TEST_HOST)";
				FRAMEWORK_SEARCH_PATHS = (
					"$(SDKROOT)/Developer/Library/Frameworks",
					"$(inherited)",
				);
				INFOPLIST_FILE = postcardTests/Info.plist;
				LD_RUNPATH_SEARCH_PATHS = "$(inherited) @executable_path/Frameworks @loader_path/Frameworks";
				PRODUCT_NAME = "$(TARGET_NAME)";
				TEST_HOST = "$(BUILT_PRODUCTS_DIR)/postcard.app/postcard";
			};
			name = Release;
		};
/* End XCBuildConfiguration section */

/* Begin XCConfigurationList section */
		5D28AD0A1A8FA9F000FB1CDC /* Build configuration list for PBXProject "postcard" */ = {
			isa = XCConfigurationList;
			buildConfigurations = (
				5D28AD2C1A8FA9F000FB1CDC /* Debug */,
				5D28AD2D1A8FA9F000FB1CDC /* Release */,
			);
			defaultConfigurationIsVisible = 0;
			defaultConfigurationName = Release;
		};
		5D28AD2E1A8FA9F000FB1CDC /* Build configuration list for PBXNativeTarget "postcard" */ = {
			isa = XCConfigurationList;
			buildConfigurations = (
				5D28AD2F1A8FA9F000FB1CDC /* Debug */,
				5D28AD301A8FA9F000FB1CDC /* Release */,
			);
			defaultConfigurationIsVisible = 0;
		};
		5D28AD311A8FA9F000FB1CDC /* Build configuration list for PBXNativeTarget "postcardTests" */ = {
			isa = XCConfigurationList;
			buildConfigurations = (
				5D28AD321A8FA9F000FB1CDC /* Debug */,
				5D28AD331A8FA9F000FB1CDC /* Release */,
			);
			defaultConfigurationIsVisible = 0;
		};
/* End XCConfigurationList section */
	};
	rootObject = 5D28AD071A8FA9F000FB1CDC /* Project object */;
}
